# THIS IS AN AUTOGENERATED FILE. DO NOT EDIT THIS FILE DIRECTLY.
# yarn lockfile v1


assertion-error@^1.0.1:
  version "1.0.2"
  resolved "https://registry.yarnpkg.com/assertion-error/-/assertion-error-1.0.2.tgz#13ca515d86206da0bac66e834dd397d87581094c"

chai@^4.1.2:
  version "4.1.2"
  resolved "https://registry.yarnpkg.com/chai/-/chai-4.1.2.tgz#0f64584ba642f0f2ace2806279f4f06ca23ad73c"
  dependencies:
    assertion-error "^1.0.1"
    check-error "^1.0.1"
    deep-eql "^3.0.0"
    get-func-name "^2.0.0"
    pathval "^1.0.0"
    type-detect "^4.0.0"

check-error@^1.0.1:
  version "1.0.2"
  resolved "https://registry.yarnpkg.com/check-error/-/check-error-1.0.2.tgz#574d312edd88bb5dd8912e9286dd6c0aed4aac82"

conventional-commit-types@^2.0.0:
  version "2.2.0"
  resolved "https://registry.yarnpkg.com/conventional-commit-types/-/conventional-commit-types-2.2.0.tgz#5db95739d6c212acbe7b6f656a11b940baa68946"

cz-conventional-changelog@^2.1.0:
  version "2.1.0"
  resolved "https://registry.yarnpkg.com/cz-conventional-changelog/-/cz-conventional-changelog-2.1.0.tgz#2f4bc7390e3244e4df293e6ba351e4c740a7c764"
  dependencies:
    conventional-commit-types "^2.0.0"
    lodash.map "^4.5.1"
    longest "^1.0.1"
    right-pad "^1.0.1"
    word-wrap "^1.0.3"

deep-eql@^3.0.0:
  version "3.0.1"
  resolved "https://registry.yarnpkg.com/deep-eql/-/deep-eql-3.0.1.tgz#dfc9404400ad1c8fe023e7da1df1c147c4b444df"
  dependencies:
    type-detect "^4.0.0"

get-func-name@^2.0.0:
  version "2.0.0"
  resolved "https://registry.yarnpkg.com/get-func-name/-/get-func-name-2.0.0.tgz#ead774abee72e20409433a066366023dd6887a41"

lodash.map@^4.5.1:
  version "4.6.0"
  resolved "https://registry.yarnpkg.com/lodash.map/-/lodash.map-4.6.0.tgz#771ec7839e3473d9c4cde28b19394c3562f4f6d3"

longest@^1.0.1:
  version "1.0.1"
  resolved "https://registry.yarnpkg.com/longest/-/longest-1.0.1.tgz#30a0b2da38f73770e8294a0d22e6625ed77d0097"

pathval@^1.0.0:
  version "1.1.0"
  resolved "https://registry.yarnpkg.com/pathval/-/pathval-1.1.0.tgz#b942e6d4bde653005ef6b71361def8727d0645e0"

right-pad@^1.0.1:
  version "1.0.1"
  resolved "https://registry.yarnpkg.com/right-pad/-/right-pad-1.0.1.tgz#8ca08c2cbb5b55e74dafa96bf7fd1a27d568c8d0"

type-detect@^4.0.0:
  version "4.0.5"
  resolved "https://registry.yarnpkg.com/type-detect/-/type-detect-4.0.5.tgz#d70e5bc81db6de2a381bcaca0c6e0cbdc7635de2"

uuid@^3.1.0:
  version "3.1.0"
  resolved "https://registry.yarnpkg.com/uuid/-/uuid-3.1.0.tgz#3dd3d3e790abc24d7b0d3a034ffababe28ebbc04"

word-wrap@^1.0.3:
  version "1.2.3"
  resolved "https://registry.yarnpkg.com/word-wrap/-/word-wrap-1.2.3.tgz#610636f6b1f703891bd34771ccb17fb93b47079c"
